// !$*UTF8*$!
{
	archiveVersion = 1;
	classes = {
	};
	objectVersion = 56;
	objects = {

/* Begin PBXBuildFile section */
		1F833A6829902775006A060B /* QuizThySelfApp.swift in Sources */ = {isa = PBXBuildFile; fileRef = 1F833A6729902775006A060B /* QuizThySelfApp.swift */; };
		1F833A6C29902776006A060B /* Assets.xcassets in Resources */ = {isa = PBXBuildFile; fileRef = 1F833A6B29902776006A060B /* Assets.xcassets */; };
		1F833A6F29902776006A060B /* Preview Assets.xcassets in Resources */ = {isa = PBXBuildFile; fileRef = 1F833A6E29902776006A060B /* Preview Assets.xcassets */; };
		1F833A77299027D6006A060B /* Quiz.swift in Sources */ = {isa = PBXBuildFile; fileRef = 1F833A76299027D6006A060B /* Quiz.swift */; };
		1F833A7C299028CB006A060B /* Quiz+Question.swift in Sources */ = {isa = PBXBuildFile; fileRef = 1F833A7B299028CB006A060B /* Quiz+Question.swift */; };
		1F833A7E299028F4006A060B /* Question+Answer.swift in Sources */ = {isa = PBXBuildFile; fileRef = 1F833A7D299028F4006A060B /* Question+Answer.swift */; };
		1F833A8029914A4A006A060B /* Question+QuestionType.swift in Sources */ = {isa = PBXBuildFile; fileRef = 1F833A7F29914A4A006A060B /* Question+QuestionType.swift */; };
		1F833A8229914AAE006A060B /* Question+Category.swift in Sources */ = {isa = PBXBuildFile; fileRef = 1F833A8129914AAE006A060B /* Question+Category.swift */; };
		1F833A8429914B8D006A060B /* Question+Difficulty.swift in Sources */ = {isa = PBXBuildFile; fileRef = 1F833A8329914B8D006A060B /* Question+Difficulty.swift */; };
		1F833A8629914BEF006A060B /* Question+AnswerContentType.swift in Sources */ = {isa = PBXBuildFile; fileRef = 1F833A8529914BEF006A060B /* Question+AnswerContentType.swift */; };
		1F833A8A29915026006A060B /* Question+questions.swift in Sources */ = {isa = PBXBuildFile; fileRef = 1F833A8929915026006A060B /* Question+questions.swift */; };
		1F833A902993FFA0006A060B /* WelcomeView.swift in Sources */ = {isa = PBXBuildFile; fileRef = 1F833A8F2993FFA0006A060B /* WelcomeView.swift */; };
		1F833A942994012B006A060B /* CategoryPickerView.swift in Sources */ = {isa = PBXBuildFile; fileRef = 1F833A932994012B006A060B /* CategoryPickerView.swift */; };
		1F833A9629940155006A060B /* DifficultyPickerView.swift in Sources */ = {isa = PBXBuildFile; fileRef = 1F833A9529940155006A060B /* DifficultyPickerView.swift */; };
		1F833A9A2995560D006A060B /* Router.swift in Sources */ = {isa = PBXBuildFile; fileRef = 1F833A992995560D006A060B /* Router.swift */; };
		1F833A9D29955681006A060B /* Router+Path.swift in Sources */ = {isa = PBXBuildFile; fileRef = 1F833A9C29955681006A060B /* Router+Path.swift */; };
		1F833A9F299557DD006A060B /* QuizViewModel.swift in Sources */ = {isa = PBXBuildFile; fileRef = 1F833A9E299557DD006A060B /* QuizViewModel.swift */; };
/* End PBXBuildFile section */

/* Begin PBXFileReference section */
		1F833A6429902775006A060B /* QuizThySelf.app */ = {isa = PBXFileReference; explicitFileType = wrapper.application; includeInIndex = 0; path = QuizThySelf.app; sourceTree = BUILT_PRODUCTS_DIR; };
		1F833A6729902775006A060B /* QuizThySelfApp.swift */ = {isa = PBXFileReference; lastKnownFileType = sourcecode.swift; path = QuizThySelfApp.swift; sourceTree = "<group>"; };
		1F833A6B29902776006A060B /* Assets.xcassets */ = {isa = PBXFileReference; lastKnownFileType = folder.assetcatalog; path = Assets.xcassets; sourceTree = "<group>"; };
		1F833A6E29902776006A060B /* Preview Assets.xcassets */ = {isa = PBXFileReference; lastKnownFileType = folder.assetcatalog; path = "Preview Assets.xcassets"; sourceTree = "<group>"; };
		1F833A76299027D6006A060B /* Quiz.swift */ = {isa = PBXFileReference; lastKnownFileType = sourcecode.swift; path = Quiz.swift; sourceTree = "<group>"; };
		1F833A7B299028CB006A060B /* Quiz+Question.swift */ = {isa = PBXFileReference; lastKnownFileType = sourcecode.swift; path = "Quiz+Question.swift"; sourceTree = "<group>"; };
		1F833A7D299028F4006A060B /* Question+Answer.swift */ = {isa = PBXFileReference; lastKnownFileType = sourcecode.swift; path = "Question+Answer.swift"; sourceTree = "<group>"; };
		1F833A7F29914A4A006A060B /* Question+QuestionType.swift */ = {isa = PBXFileReference; lastKnownFileType = sourcecode.swift; path = "Question+QuestionType.swift"; sourceTree = "<group>"; };
		1F833A8129914AAE006A060B /* Question+Category.swift */ = {isa = PBXFileReference; lastKnownFileType = sourcecode.swift; path = "Question+Category.swift"; sourceTree = "<group>"; };
		1F833A8329914B8D006A060B /* Question+Difficulty.swift */ = {isa = PBXFileReference; lastKnownFileType = sourcecode.swift; path = "Question+Difficulty.swift"; sourceTree = "<group>"; };
		1F833A8529914BEF006A060B /* Question+AnswerContentType.swift */ = {isa = PBXFileReference; lastKnownFileType = sourcecode.swift; path = "Question+AnswerContentType.swift"; sourceTree = "<group>"; };
		1F833A8929915026006A060B /* Question+questions.swift */ = {isa = PBXFileReference; lastKnownFileType = sourcecode.swift; path = "Question+questions.swift"; sourceTree = "<group>"; };
		1F833A8F2993FFA0006A060B /* WelcomeView.swift */ = {isa = PBXFileReference; lastKnownFileType = sourcecode.swift; path = WelcomeView.swift; sourceTree = "<group>"; };
		1F833A932994012B006A060B /* CategoryPickerView.swift */ = {isa = PBXFileReference; lastKnownFileType = sourcecode.swift; path = CategoryPickerView.swift; sourceTree = "<group>"; };
		1F833A9529940155006A060B /* DifficultyPickerView.swift */ = {isa = PBXFileReference; lastKnownFileType = sourcecode.swift; path = DifficultyPickerView.swift; sourceTree = "<group>"; };
		1F833A992995560D006A060B /* Router.swift */ = {isa = PBXFileReference; lastKnownFileType = sourcecode.swift; path = Router.swift; sourceTree = "<group>"; };
		1F833A9C29955681006A060B /* Router+Path.swift */ = {isa = PBXFileReference; lastKnownFileType = sourcecode.swift; path = "Router+Path.swift"; sourceTree = "<group>"; };
		1F833A9E299557DD006A060B /* QuizViewModel.swift */ = {isa = PBXFileReference; lastKnownFileType = sourcecode.swift; path = QuizViewModel.swift; sourceTree = "<group>"; };
/* End PBXFileReference section */

/* Begin PBXFrameworksBuildPhase section */
		1F833A6129902775006A060B /* Frameworks */ = {
			isa = PBXFrameworksBuildPhase;
			buildActionMask = 2147483647;
			files = (
			);
			runOnlyForDeploymentPostprocessing = 0;
		};
/* End PBXFrameworksBuildPhase section */

/* Begin PBXGroup section */
		1F833A5B29902775006A060B = {
			isa = PBXGroup;
			children = (
				1F833A6629902775006A060B /* QuizThySelf */,
				1F833A6529902775006A060B /* Products */,
			);
			sourceTree = "<group>";
		};
		1F833A6529902775006A060B /* Products */ = {
			isa = PBXGroup;
			children = (
				1F833A6429902775006A060B /* QuizThySelf.app */,
			);
			name = Products;
			sourceTree = "<group>";
		};
		1F833A6629902775006A060B /* QuizThySelf */ = {
			isa = PBXGroup;
			children = (
				1F833A9829955453006A060B /* Router */,
				1F833A75299027C9006A060B /* Model */,
				1F833A8B29915E23006A060B /* View */,
				1F833A8C29915E2C006A060B /* ViewModel */,
				1F833A6729902775006A060B /* QuizThySelfApp.swift */,
				1F833A6B29902776006A060B /* Assets.xcassets */,
				1F833A6D29902776006A060B /* Preview Content */,
			);
			path = QuizThySelf;
			sourceTree = "<group>";
		};
		1F833A6D29902776006A060B /* Preview Content */ = {
			isa = PBXGroup;
			children = (
				1F833A6E29902776006A060B /* Preview Assets.xcassets */,
			);
			path = "Preview Content";
			sourceTree = "<group>";
		};
		1F833A75299027C9006A060B /* Model */ = {
			isa = PBXGroup;
			children = (
				1F833A78299027F9006A060B /* Extension */,
				1F833A76299027D6006A060B /* Quiz.swift */,
			);
			path = Model;
			sourceTree = "<group>";
		};
		1F833A78299027F9006A060B /* Extension */ = {
			isa = PBXGroup;
			children = (
				1F833A7929902803006A060B /* Quiz */,
				1F833A7A29902813006A060B /* Question */,
			);
			path = Extension;
			sourceTree = "<group>";
		};
		1F833A7929902803006A060B /* Quiz */ = {
			isa = PBXGroup;
			children = (
				1F833A7B299028CB006A060B /* Quiz+Question.swift */,
			);
			path = Quiz;
			sourceTree = "<group>";
		};
		1F833A7A29902813006A060B /* Question */ = {
			isa = PBXGroup;
			children = (
				1F833A7D299028F4006A060B /* Question+Answer.swift */,
				1F833A7F29914A4A006A060B /* Question+QuestionType.swift */,
				1F833A8129914AAE006A060B /* Question+Category.swift */,
				1F833A8329914B8D006A060B /* Question+Difficulty.swift */,
				1F833A8529914BEF006A060B /* Question+AnswerContentType.swift */,
				1F833A8929915026006A060B /* Question+questions.swift */,
			);
			path = Question;
			sourceTree = "<group>";
		};
		1F833A8B29915E23006A060B /* View */ = {
			isa = PBXGroup;
			children = (
				1F833A972995524E006A060B /* Style */,
				1F833A91299400E8006A060B /* PrimaryView */,
				1F833A92299400FB006A060B /* SecondaryView */,
			);
			path = View;
			sourceTree = "<group>";
		};
		1F833A8C29915E2C006A060B /* ViewModel */ = {
			isa = PBXGroup;
			children = (
				1F833A9E299557DD006A060B /* QuizViewModel.swift */,
			);
			path = ViewModel;
			sourceTree = "<group>";
		};
		1F833A91299400E8006A060B /* PrimaryView */ = {
			isa = PBXGroup;
			children = (
				1F833A8F2993FFA0006A060B /* WelcomeView.swift */,
				1F833A932994012B006A060B /* CategoryPickerView.swift */,
				1F833A9529940155006A060B /* DifficultyPickerView.swift */,
			);
			path = PrimaryView;
			sourceTree = "<group>";
		};
		1F833A92299400FB006A060B /* SecondaryView */ = {
			isa = PBXGroup;
			children = (
			);
			path = SecondaryView;
			sourceTree = "<group>";
		};
		1F833A972995524E006A060B /* Style */ = {
			isa = PBXGroup;
			children = (
			);
			path = Style;
			sourceTree = "<group>";
		};
		1F833A9829955453006A060B /* Router */ = {
			isa = PBXGroup;
			children = (
				1F833A9B2995565F006A060B /* Extension */,
				1F833A992995560D006A060B /* Router.swift */,
			);
			path = Router;
			sourceTree = "<group>";
		};
		1F833A9B2995565F006A060B /* Extension */ = {
			isa = PBXGroup;
			children = (
				1F833A9C29955681006A060B /* Router+Path.swift */,
			);
			path = Extension;
			sourceTree = "<group>";
		};
/* End PBXGroup section */

/* Begin PBXNativeTarget section */
		1F833A6329902775006A060B /* QuizThySelf */ = {
			isa = PBXNativeTarget;
			buildConfigurationList = 1F833A7229902776006A060B /* Build configuration list for PBXNativeTarget "QuizThySelf" */;
			buildPhases = (
				1F833A6029902775006A060B /* Sources */,
				1F833A6129902775006A060B /* Frameworks */,
				1F833A6229902775006A060B /* Resources */,
			);
			buildRules = (
			);
			dependencies = (
			);
			name = QuizThySelf;
			productName = QuizThySelf;
			productReference = 1F833A6429902775006A060B /* QuizThySelf.app */;
			productType = "com.apple.product-type.application";
		};
/* End PBXNativeTarget section */

/* Begin PBXProject section */
		1F833A5C29902775006A060B /* Project object */ = {
			isa = PBXProject;
			attributes = {
				BuildIndependentTargetsInParallel = 1;
				LastSwiftUpdateCheck = 1420;
				LastUpgradeCheck = 1420;
				TargetAttributes = {
					1F833A6329902775006A060B = {
						CreatedOnToolsVersion = 14.2;
					};
				};
			};
			buildConfigurationList = 1F833A5F29902775006A060B /* Build configuration list for PBXProject "QuizThySelf" */;
			compatibilityVersion = "Xcode 14.0";
			developmentRegion = en;
			hasScannedForEncodings = 0;
			knownRegions = (
				en,
				Base,
			);
			mainGroup = 1F833A5B29902775006A060B;
			productRefGroup = 1F833A6529902775006A060B /* Products */;
			projectDirPath = "";
			projectRoot = "";
			targets = (
				1F833A6329902775006A060B /* QuizThySelf */,
			);
		};
/* End PBXProject section */

/* Begin PBXResourcesBuildPhase section */
		1F833A6229902775006A060B /* Resources */ = {
			isa = PBXResourcesBuildPhase;
			buildActionMask = 2147483647;
			files = (
				1F833A6F29902776006A060B /* Preview Assets.xcassets in Resources */,
				1F833A6C29902776006A060B /* Assets.xcassets in Resources */,
			);
			runOnlyForDeploymentPostprocessing = 0;
		};
/* End PBXResourcesBuildPhase section */

/* Begin PBXSourcesBuildPhase section */
		1F833A6029902775006A060B /* Sources */ = {
			isa = PBXSourcesBuildPhase;
			buildActionMask = 2147483647;
			files = (
				1F833A8A29915026006A060B /* Question+questions.swift in Sources */,
				1F833A8029914A4A006A060B /* Question+QuestionType.swift in Sources */,
				1F833A8229914AAE006A060B /* Question+Category.swift in Sources */,
				1F833A9F299557DD006A060B /* QuizViewModel.swift in Sources */,
				1F833A9D29955681006A060B /* Router+Path.swift in Sources */,
				1F833A8429914B8D006A060B /* Question+Difficulty.swift in Sources */,
				1F833A77299027D6006A060B /* Quiz.swift in Sources */,
				1F833A9629940155006A060B /* DifficultyPickerView.swift in Sources */,
				1F833A902993FFA0006A060B /* WelcomeView.swift in Sources */,
				1F833A6829902775006A060B /* QuizThySelfApp.swift in Sources */,
				1F833A7C299028CB006A060B /* Quiz+Question.swift in Sources */,
				1F833A8629914BEF006A060B /* Question+AnswerContentType.swift in Sources */,
				1F833A7E299028F4006A060B /* Question+Answer.swift in Sources */,
				1F833A942994012B006A060B /* CategoryPickerView.swift in Sources */,
				1F833A9A2995560D006A060B /* Router.swift in Sources */,
			);
			runOnlyForDeploymentPostprocessing = 0;
		};
/* End PBXSourcesBuildPhase section */

/* Begin XCBuildConfiguration section */
		1F833A7029902776006A060B /* Debug */ = {
			isa = XCBuildConfiguration;
			buildSettings = {
				ALWAYS_SEARCH_USER_PATHS = NO;
				CLANG_ANALYZER_NONNULL = YES;
				CLANG_ANALYZER_NUMBER_OBJECT_CONVERSION = YES_AGGRESSIVE;
				CLANG_CXX_LANGUAGE_STANDARD = "gnu++20";
				CLANG_ENABLE_MODULES = YES;
				CLANG_ENABLE_OBJC_ARC = YES;
				CLANG_ENABLE_OBJC_WEAK = YES;
				CLANG_WARN_BLOCK_CAPTURE_AUTORELEASING = YES;
				CLANG_WARN_BOOL_CONVERSION = YES;
				CLANG_WARN_COMMA = YES;
				CLANG_WARN_CONSTANT_CONVERSION = YES;
				CLANG_WARN_DEPRECATED_OBJC_IMPLEMENTATIONS = YES;
				CLANG_WARN_DIRECT_OBJC_ISA_USAGE = YES_ERROR;
				CLANG_WARN_DOCUMENTATION_COMMENTS = YES;
				CLANG_WARN_EMPTY_BODY = YES;
				CLANG_WARN_ENUM_CONVERSION = YES;
				CLANG_WARN_INFINITE_RECURSION = YES;
				CLANG_WARN_INT_CONVERSION = YES;
				CLANG_WARN_NON_LITERAL_NULL_CONVERSION = YES;
				CLANG_WARN_OBJC_IMPLICIT_RETAIN_SELF = YES;
				CLANG_WARN_OBJC_LITERAL_CONVERSION = YES;
				CLANG_WARN_OBJC_ROOT_CLASS = YES_ERROR;
				CLANG_WARN_QUOTED_INCLUDE_IN_FRAMEWORK_HEADER = YES;
				CLANG_WARN_RANGE_LOOP_ANALYSIS = YES;
				CLANG_WARN_STRICT_PROTOTYPES = YES;
				CLANG_WARN_SUSPICIOUS_MOVE = YES;
				CLANG_WARN_UNGUARDED_AVAILABILITY = YES_AGGRESSIVE;
				CLANG_WARN_UNREACHABLE_CODE = YES;
				CLANG_WARN__DUPLICATE_METHOD_MATCH = YES;
				COPY_PHASE_STRIP = NO;
				DEBUG_INFORMATION_FORMAT = dwarf;
				ENABLE_STRICT_OBJC_MSGSEND = YES;
				ENABLE_TESTABILITY = YES;
				GCC_C_LANGUAGE_STANDARD = gnu11;
				GCC_DYNAMIC_NO_PIC = NO;
				GCC_NO_COMMON_BLOCKS = YES;
				GCC_OPTIMIZATION_LEVEL = 0;
				GCC_PREPROCESSOR_DEFINITIONS = (
					"DEBUG=1",
					"$(inherited)",
				);
				GCC_WARN_64_TO_32_BIT_CONVERSION = YES;
				GCC_WARN_ABOUT_RETURN_TYPE = YES_ERROR;
				GCC_WARN_UNDECLARED_SELECTOR = YES;
				GCC_WARN_UNINITIALIZED_AUTOS = YES_AGGRESSIVE;
				GCC_WARN_UNUSED_FUNCTION = YES;
				GCC_WARN_UNUSED_VARIABLE = YES;
				IPHONEOS_DEPLOYMENT_TARGET = 16.2;
				MTL_ENABLE_DEBUG_INFO = INCLUDE_SOURCE;
				MTL_FAST_MATH = YES;
				ONLY_ACTIVE_ARCH = YES;
				SDKROOT = iphoneos;
				SWIFT_ACTIVE_COMPILATION_CONDITIONS = DEBUG;
				SWIFT_OPTIMIZATION_LEVEL = "-Onone";
			};
			name = Debug;
		};
		1F833A7129902776006A060B /* Release */ = {
			isa = XCBuildConfiguration;
			buildSettings = {
				ALWAYS_SEARCH_USER_PATHS = NO;
				CLANG_ANALYZER_NONNULL = YES;
				CLANG_ANALYZER_NUMBER_OBJECT_CONVERSION = YES_AGGRESSIVE;
				CLANG_CXX_LANGUAGE_STANDARD = "gnu++20";
				CLANG_ENABLE_MODULES = YES;
				CLANG_ENABLE_OBJC_ARC = YES;
				CLANG_ENABLE_OBJC_WEAK = YES;
				CLANG_WARN_BLOCK_CAPTURE_AUTORELEASING = YES;
				CLANG_WARN_BOOL_CONVERSION = YES;
				CLANG_WARN_COMMA = YES;
				CLANG_WARN_CONSTANT_CONVERSION = YES;
				CLANG_WARN_DEPRECATED_OBJC_IMPLEMENTATIONS = YES;
				CLANG_WARN_DIRECT_OBJC_ISA_USAGE = YES_ERROR;
				CLANG_WARN_DOCUMENTATION_COMMENTS = YES;
				CLANG_WARN_EMPTY_BODY = YES;
				CLANG_WARN_ENUM_CONVERSION = YES;
				CLANG_WARN_INFINITE_RECURSION = YES;
				CLANG_WARN_INT_CONVERSION = YES;
				CLANG_WARN_NON_LITERAL_NULL_CONVERSION = YES;
				CLANG_WARN_OBJC_IMPLICIT_RETAIN_SELF = YES;
				CLANG_WARN_OBJC_LITERAL_CONVERSION = YES;
				CLANG_WARN_OBJC_ROOT_CLASS = YES_ERROR;
				CLANG_WARN_QUOTED_INCLUDE_IN_FRAMEWORK_HEADER = YES;
				CLANG_WARN_RANGE_LOOP_ANALYSIS = YES;
				CLANG_WARN_STRICT_PROTOTYPES = YES;
				CLANG_WARN_SUSPICIOUS_MOVE = YES;
				CLANG_WARN_UNGUARDED_AVAILABILITY = YES_AGGRESSIVE;
				CLANG_WARN_UNREACHABLE_CODE = YES;
				CLANG_WARN__DUPLICATE_METHOD_MATCH = YES;
				COPY_PHASE_STRIP = NO;
				DEBUG_INFORMATION_FORMAT = "dwarf-with-dsym";
				ENABLE_NS_ASSERTIONS = NO;
				ENABLE_STRICT_OBJC_MSGSEND = YES;
				GCC_C_LANGUAGE_STANDARD = gnu11;
				GCC_NO_COMMON_BLOCKS = YES;
				GCC_WARN_64_TO_32_BIT_CONVERSION = YES;
				GCC_WARN_ABOUT_RETURN_TYPE = YES_ERROR;
				GCC_WARN_UNDECLARED_SELECTOR = YES;
				GCC_WARN_UNINITIALIZED_AUTOS = YES_AGGRESSIVE;
				GCC_WARN_UNUSED_FUNCTION = YES;
				GCC_WARN_UNUSED_VARIABLE = YES;
				IPHONEOS_DEPLOYMENT_TARGET = 16.2;
				MTL_ENABLE_DEBUG_INFO = NO;
				MTL_FAST_MATH = YES;
				SDKROOT = iphoneos;
				SWIFT_COMPILATION_MODE = wholemodule;
				SWIFT_OPTIMIZATION_LEVEL = "-O";
				VALIDATE_PRODUCT = YES;
			};
			name = Release;
		};
		1F833A7329902776006A060B /* Debug */ = {
			isa = XCBuildConfiguration;
			buildSettings = {
				ASSETCATALOG_COMPILER_APPICON_NAME = AppIcon;
				ASSETCATALOG_COMPILER_GLOBAL_ACCENT_COLOR_NAME = AccentColor;
				CODE_SIGN_STYLE = Automatic;
				CURRENT_PROJECT_VERSION = 1;
				DEVELOPMENT_ASSET_PATHS = "\"QuizThySelf/Preview Content\"";
				ENABLE_PREVIEWS = YES;
				GENERATE_INFOPLIST_FILE = YES;
				INFOPLIST_KEY_UIApplicationSceneManifest_Generation = YES;
				INFOPLIST_KEY_UIApplicationSupportsIndirectInputEvents = YES;
				INFOPLIST_KEY_UILaunchScreen_Generation = YES;
				INFOPLIST_KEY_UISupportedInterfaceOrientations_iPad = "UIInterfaceOrientationPortrait UIInterfaceOrientationPortraitUpsideDown UIInterfaceOrientationLandscapeLeft UIInterfaceOrientationLandscapeRight";
				INFOPLIST_KEY_UISupportedInterfaceOrientations_iPhone = "UIInterfaceOrientationPortrait UIInterfaceOrientationLandscapeLeft UIInterfaceOrientationLandscapeRight";
				LD_RUNPATH_SEARCH_PATHS = (
					"$(inherited)",
					"@executable_path/Frameworks",
				);
				MARKETING_VERSION = 1.0;
				PRODUCT_BUNDLE_IDENTIFIER = selfhalgan.QuizThySelf;
				PRODUCT_NAME = "$(TARGET_NAME)";
				SWIFT_EMIT_LOC_STRINGS = YES;
				SWIFT_VERSION = 5.0;
				TARGETED_DEVICE_FAMILY = "1,2";
			};
			name = Debug;
		};
		1F833A7429902776006A060B /* Release */ = {
			isa = XCBuildConfiguration;
			buildSettings = {
				ASSETCATALOG_COMPILER_APPICON_NAME = AppIcon;
				ASSETCATALOG_COMPILER_GLOBAL_ACCENT_COLOR_NAME = AccentColor;
				CODE_SIGN_STYLE = Automatic;
				CURRENT_PROJECT_VERSION = 1;
				DEVELOPMENT_ASSET_PATHS = "\"QuizThySelf/Preview Content\"";
				ENABLE_PREVIEWS = YES;
				GENERATE_INFOPLIST_FILE = YES;
				INFOPLIST_KEY_UIApplicationSceneManifest_Generation = YES;
				INFOPLIST_KEY_UIApplicationSupportsIndirectInputEvents = YES;
				INFOPLIST_KEY_UILaunchScreen_Generation = YES;
				INFOPLIST_KEY_UISupportedInterfaceOrientations_iPad = "UIInterfaceOrientationPortrait UIInterfaceOrientationPortraitUpsideDown UIInterfaceOrientationLandscapeLeft UIInterfaceOrientationLandscapeRight";
				INFOPLIST_KEY_UISupportedInterfaceOrientations_iPhone = "UIInterfaceOrientationPortrait UIInterfaceOrientationLandscapeLeft UIInterfaceOrientationLandscapeRight";
				LD_RUNPATH_SEARCH_PATHS = (
					"$(inherited)",
					"@executable_path/Frameworks",
				);
				MARKETING_VERSION = 1.0;
				PRODUCT_BUNDLE_IDENTIFIER = selfhalgan.QuizThySelf;
				PRODUCT_NAME = "$(TARGET_NAME)";
				SWIFT_EMIT_LOC_STRINGS = YES;
				SWIFT_VERSION = 5.0;
				TARGETED_DEVICE_FAMILY = "1,2";
			};
			name = Release;
		};
/* End XCBuildConfiguration section */

/* Begin XCConfigurationList section */
		1F833A5F29902775006A060B /* Build configuration list for PBXProject "QuizThySelf" */ = {
			isa = XCConfigurationList;
			buildConfigurations = (
				1F833A7029902776006A060B /* Debug */,
				1F833A7129902776006A060B /* Release */,
			);
			defaultConfigurationIsVisible = 0;
			defaultConfigurationName = Release;
		};
		1F833A7229902776006A060B /* Build configuration list for PBXNativeTarget "QuizThySelf" */ = {
			isa = XCConfigurationList;
			buildConfigurations = (
				1F833A7329902776006A060B /* Debug */,
				1F833A7429902776006A060B /* Release */,
			);
			defaultConfigurationIsVisible = 0;
			defaultConfigurationName = Release;
		};
/* End XCConfigurationList section */
	};
	rootObject = 1F833A5C29902775006A060B /* Project object */;
}
